
Microsoft Visual Studio Solution File, Format Version 12.00
# Visual Studio 15
VisualStudioVersion = 15.0.28307.960
MinimumVisualStudioVersion = 10.0.40219.1
Project("{FAE04EC0-301F-11D3-BF4B-00C04F79EFBC}") = "WindowsFormsApp2", "WindowsFormsApp2\WindowsFormsApp2.csproj", "{D37F9D78-A977-4A27-988B-2D8E747710FF}"
EndProject
Global
	GlobalSection(SolutionConfigurationPlatforms) = preSolution
		Debug|Any CPU = Debug|Any CPU
		Release|Any CPU = Release|Any CPU
	EndGlobalSection
	GlobalSection(ProjectConfigurationPlatforms) = postSolution
		{D37F9D78-A977-4A27-988B-2D8E747710FF}.Debug|Any CPU.ActiveCfg = Debug|Any CPU
		{D37F9D78-A977-4A27-988B-2D8E747710FF}.Debug|Any CPU.Build.0 = Debug|Any CPU
		{D37F9D78-A977-4A27-988B-2D8E747710FF}.Release|Any CPU.ActiveCfg = Release|Any CPU
		{D37F9D78-A977-4A27-988B-2D8E747710FF}.Release|Any CPU.Build.0 = Release|Any CPU
	EndGlobalSection
	GlobalSection(SolutionProperties) = preSolution
		HideSolutionNode = FALSE
	EndGlobalSection
	GlobalSection(ExtensibilityGlobals) = postSolution
		SolutionGuid = {870C09D3-E58F-46A3-AA96-B8FCE0EC2D2A}
	EndGlobalSection
EndGlobal
